
Microsoft Visual Studio Solution File, Format Version 12.00
# Visual Studio Version 17
VisualStudioVersion = 17.0.31903.59
MinimumVisualStudioVersion = 10.0.40219.1
Project("{FAE04EC0-301F-11D3-BF4B-00C04F79EFBC}") = "PedalBoard.Core", "PedalBoard.Core\PedalBoard.Core.csproj", "{6DF92B23-F206-489E-A269-07CFA37A4F0E}"
EndProject
Project("{FAE04EC0-301F-11D3-BF4B-00C04F79EFBC}") = "PedalBoard.Audio", "PedalBoard.Audio\PedalBoard.Audio.csproj", "{DC7086B1-8168-4A6C-8099-4132C4041287}"
EndProject
Project("{FAE04EC0-301F-11D3-BF4B-00C04F79EFBC}") = "PedalBoard.ViewModels", "PedalBoard.ViewModels\PedalBoard.ViewModels.csproj", "{5223727F-FAAD-4E48-993A-43F76E9095D2}"
EndProject
Project("{FAE04EC0-301F-11D3-BF4B-00C04F79EFBC}") = "PedalBoard.Tests", "PedalBoard.Tests\PedalBoard.Tests.csproj", "{7C91AA71-7295-42C5-AC4C-C4D3ECC51D3E}"
EndProject
Project("{FAE04EC0-301F-11D3-BF4B-00C04F79EFBC}") = "PedalBoard.App", "PedalBoard.App\PedalBoard.App.csproj", "{ED609F6B-4714-4453-92ED-245378737277}"
EndProject
Global
	GlobalSection(SolutionConfigurationPlatforms) = preSolution
		Debug|Any CPU = Debug|Any CPU
		Release|Any CPU = Release|Any CPU
	EndGlobalSection
	GlobalSection(SolutionProperties) = preSolution
		HideSolutionNode = FALSE
	EndGlobalSection
	GlobalSection(ProjectConfigurationPlatforms) = postSolution
		{6DF92B23-F206-489E-A269-07CFA37A4F0E}.Debug|Any CPU.ActiveCfg = Debug|Any CPU
		{6DF92B23-F206-489E-A269-07CFA37A4F0E}.Debug|Any CPU.Build.0 = Debug|Any CPU
		{6DF92B23-F206-489E-A269-07CFA37A4F0E}.Release|Any CPU.ActiveCfg = Release|Any CPU
		{6DF92B23-F206-489E-A269-07CFA37A4F0E}.Release|Any CPU.Build.0 = Release|Any CPU
		{DC7086B1-8168-4A6C-8099-4132C4041287}.Debug|Any CPU.ActiveCfg = Debug|Any CPU
		{DC7086B1-8168-4A6C-8099-4132C4041287}.Debug|Any CPU.Build.0 = Debug|Any CPU
		{DC7086B1-8168-4A6C-8099-4132C4041287}.Release|Any CPU.ActiveCfg = Release|Any CPU
		{DC7086B1-8168-4A6C-8099-4132C4041287}.Release|Any CPU.Build.0 = Release|Any CPU
		{5223727F-FAAD-4E48-993A-43F76E9095D2}.Debug|Any CPU.ActiveCfg = Debug|Any CPU
		{5223727F-FAAD-4E48-993A-43F76E9095D2}.Debug|Any CPU.Build.0 = Debug|Any CPU
		{5223727F-FAAD-4E48-993A-43F76E9095D2}.Release|Any CPU.ActiveCfg = Release|Any CPU
		{5223727F-FAAD-4E48-993A-43F76E9095D2}.Release|Any CPU.Build.0 = Release|Any CPU
		{7C91AA71-7295-42C5-AC4C-C4D3ECC51D3E}.Debug|Any CPU.ActiveCfg = Debug|Any CPU
		{7C91AA71-7295-42C5-AC4C-C4D3ECC51D3E}.Debug|Any CPU.Build.0 = Debug|Any CPU
		{7C91AA71-7295-42C5-AC4C-C4D3ECC51D3E}.Release|Any CPU.ActiveCfg = Release|Any CPU
		{7C91AA71-7295-42C5-AC4C-C4D3ECC51D3E}.Release|Any CPU.Build.0 = Release|Any CPU
		{ED609F6B-4714-4453-92ED-245378737277}.Debug|Any CPU.ActiveCfg = Debug|Any CPU
		{ED609F6B-4714-4453-92ED-245378737277}.Debug|Any CPU.Build.0 = Debug|Any CPU
		{ED609F6B-4714-4453-92ED-245378737277}.Release|Any CPU.ActiveCfg = Release|Any CPU
		{ED609F6B-4714-4453-92ED-245378737277}.Release|Any CPU.Build.0 = Release|Any CPU
	EndGlobalSection
EndGlobal
